
Microsoft Visual Studio Solution File, Format Version 12.00
# Visual Studio 15
VisualStudioVersion = 15.0.27703.2047
MinimumVisualStudioVersion = 10.0.40219.1
Project("{F184B08F-C81C-45F6-A57F-5ABD9991F28F}") = "Uno", "Uno\Uno.vbproj", "{2BACC628-7850-4961-9D7F-5EC1C60B9E2C}"
EndProject
Global
	GlobalSection(SolutionConfigurationPlatforms) = preSolution
		Debug|Any CPU = Debug|Any CPU
		Release|Any CPU = Release|Any CPU
	EndGlobalSection
	GlobalSection(ProjectConfigurationPlatforms) = postSolution
		{2BACC628-7850-4961-9D7F-5EC1C60B9E2C}.Debug|Any CPU.ActiveCfg = Debug|Any CPU
		{2BACC628-7850-4961-9D7F-5EC1C60B9E2C}.Debug|Any CPU.Build.0 = Debug|Any CPU
		{2BACC628-7850-4961-9D7F-5EC1C60B9E2C}.Release|Any CPU.ActiveCfg = Release|Any CPU
		{2BACC628-7850-4961-9D7F-5EC1C60B9E2C}.Release|Any CPU.Build.0 = Release|Any CPU
	EndGlobalSection
	GlobalSection(SolutionProperties) = preSolution
		HideSolutionNode = FALSE
	EndGlobalSection
	GlobalSection(ExtensibilityGlobals) = postSolution
		SolutionGuid = {9193A902-0FE7-4B93-9727-4BCD7578CB83}
	EndGlobalSection
EndGlobal
